// !$*UTF8*$!
{
	archiveVersion = 1;
	classes = {
	};
	objectVersion = 55;
	objects = {

/* Begin PBXBuildFile section */
		2EAE0C2C2801DE83005EFF3F /* AppDelegate.swift in Sources */ = {isa = PBXBuildFile; fileRef = 2EAE0C2B2801DE83005EFF3F /* AppDelegate.swift */; };
		2EAE0C2E2801DE83005EFF3F /* SceneDelegate.swift in Sources */ = {isa = PBXBuildFile; fileRef = 2EAE0C2D2801DE83005EFF3F /* SceneDelegate.swift */; };
		2EAE0C302801DE83005EFF3F /* ViewController.swift in Sources */ = {isa = PBXBuildFile; fileRef = 2EAE0C2F2801DE83005EFF3F /* ViewController.swift */; };
		2EAE0C352801DE84005EFF3F /* Assets.xcassets in Resources */ = {isa = PBXBuildFile; fileRef = 2EAE0C342801DE84005EFF3F /* Assets.xcassets */; };
		2EAE0C382801DE84005EFF3F /* LaunchScreen.storyboard in Resources */ = {isa = PBXBuildFile; fileRef = 2EAE0C362801DE84005EFF3F /* LaunchScreen.storyboard */; };
		2EAE0C402801E139005EFF3F /* RecordWhistleViewController.swift in Sources */ = {isa = PBXBuildFile; fileRef = 2EAE0C3F2801E139005EFF3F /* RecordWhistleViewController.swift */; };
		2EAE0C422801F538005EFF3F /* SelectGenreViewController.swift in Sources */ = {isa = PBXBuildFile; fileRef = 2EAE0C412801F538005EFF3F /* SelectGenreViewController.swift */; };
		2EAE0C442801F6E7005EFF3F /* AddCommentsViewController.swift in Sources */ = {isa = PBXBuildFile; fileRef = 2EAE0C432801F6E7005EFF3F /* AddCommentsViewController.swift */; };
		2EAE0C462801F833005EFF3F /* SubmitViewController.swift in Sources */ = {isa = PBXBuildFile; fileRef = 2EAE0C452801F833005EFF3F /* SubmitViewController.swift */; };
		2EAE0C4A2801FAE3005EFF3F /* CloudKit.framework in Frameworks */ = {isa = PBXBuildFile; fileRef = 2EAE0C492801FAE3005EFF3F /* CloudKit.framework */; };
		2EAE0C4C28033252005EFF3F /* Whistle.swift in Sources */ = {isa = PBXBuildFile; fileRef = 2EAE0C4B28033252005EFF3F /* Whistle.swift */; };
		2EAE0C4E280468E6005EFF3F /* ResultsViewController.swift in Sources */ = {isa = PBXBuildFile; fileRef = 2EAE0C4D280468E6005EFF3F /* ResultsViewController.swift */; };
		2EAE0C502804776D005EFF3F /* MyGenresViewController.swift in Sources */ = {isa = PBXBuildFile; fileRef = 2EAE0C4F2804776D005EFF3F /* MyGenresViewController.swift */; };
/* End PBXBuildFile section */

/* Begin PBXFileReference section */
		2EAE0C282801DE83005EFF3F /* project-33-sbl.app */ = {isa = PBXFileReference; explicitFileType = wrapper.application; includeInIndex = 0; path = "project-33-sbl.app"; sourceTree = BUILT_PRODUCTS_DIR; };
		2EAE0C2B2801DE83005EFF3F /* AppDelegate.swift */ = {isa = PBXFileReference; lastKnownFileType = sourcecode.swift; path = AppDelegate.swift; sourceTree = "<group>"; };
		2EAE0C2D2801DE83005EFF3F /* SceneDelegate.swift */ = {isa = PBXFileReference; lastKnownFileType = sourcecode.swift; path = SceneDelegate.swift; sourceTree = "<group>"; };
		2EAE0C2F2801DE83005EFF3F /* ViewController.swift */ = {isa = PBXFileReference; lastKnownFileType = sourcecode.swift; path = ViewController.swift; sourceTree = "<group>"; };
		2EAE0C342801DE84005EFF3F /* Assets.xcassets */ = {isa = PBXFileReference; lastKnownFileType = folder.assetcatalog; path = Assets.xcassets; sourceTree = "<group>"; };
		2EAE0C372801DE84005EFF3F /* Base */ = {isa = PBXFileReference; lastKnownFileType = file.storyboard; name = Base; path = Base.lproj/LaunchScreen.storyboard; sourceTree = "<group>"; };
		2EAE0C392801DE84005EFF3F /* Info.plist */ = {isa = PBXFileReference; lastKnownFileType = text.plist.xml; path = Info.plist; sourceTree = "<group>"; };
		2EAE0C3F2801E139005EFF3F /* RecordWhistleViewController.swift */ = {isa = PBXFileReference; lastKnownFileType = sourcecode.swift; path = RecordWhistleViewController.swift; sourceTree = "<group>"; };
		2EAE0C412801F538005EFF3F /* SelectGenreViewController.swift */ = {isa = PBXFileReference; lastKnownFileType = sourcecode.swift; path = SelectGenreViewController.swift; sourceTree = "<group>"; };
		2EAE0C432801F6E7005EFF3F /* AddCommentsViewController.swift */ = {isa = PBXFileReference; lastKnownFileType = sourcecode.swift; path = AddCommentsViewController.swift; sourceTree = "<group>"; };
		2EAE0C452801F833005EFF3F /* SubmitViewController.swift */ = {isa = PBXFileReference; lastKnownFileType = sourcecode.swift; path = SubmitViewController.swift; sourceTree = "<group>"; };
		2EAE0C472801FAD3005EFF3F /* project-33-sbl.entitlements */ = {isa = PBXFileReference; lastKnownFileType = text.plist.entitlements; path = "project-33-sbl.entitlements"; sourceTree = "<group>"; };
		2EAE0C492801FAE3005EFF3F /* CloudKit.framework */ = {isa = PBXFileReference; lastKnownFileType = wrapper.framework; name = CloudKit.framework; path = System/Library/Frameworks/CloudKit.framework; sourceTree = SDKROOT; };
		2EAE0C4B28033252005EFF3F /* Whistle.swift */ = {isa = PBXFileReference; lastKnownFileType = sourcecode.swift; path = Whistle.swift; sourceTree = "<group>"; };
		2EAE0C4D280468E6005EFF3F /* ResultsViewController.swift */ = {isa = PBXFileReference; lastKnownFileType = sourcecode.swift; path = ResultsViewController.swift; sourceTree = "<group>"; };
		2EAE0C4F2804776D005EFF3F /* MyGenresViewController.swift */ = {isa = PBXFileReference; lastKnownFileType = sourcecode.swift; path = MyGenresViewController.swift; sourceTree = "<group>"; };
/* End PBXFileReference section */

/* Begin PBXFrameworksBuildPhase section */
		2EAE0C252801DE83005EFF3F /* Frameworks */ = {
			isa = PBXFrameworksBuildPhase;
			buildActionMask = 2147483647;
			files = (
				2EAE0C4A2801FAE3005EFF3F /* CloudKit.framework in Frameworks */,
			);
			runOnlyForDeploymentPostprocessing = 0;
		};
/* End PBXFrameworksBuildPhase section */

/* Begin PBXGroup section */
		2EAE0C1F2801DE83005EFF3F = {
			isa = PBXGroup;
			children = (
				2EAE0C2A2801DE83005EFF3F /* project-33-sbl */,
				2EAE0C292801DE83005EFF3F /* Products */,
				2EAE0C482801FAE3005EFF3F /* Frameworks */,
			);
			sourceTree = "<group>";
		};
		2EAE0C292801DE83005EFF3F /* Products */ = {
			isa = PBXGroup;
			children = (
				2EAE0C282801DE83005EFF3F /* project-33-sbl.app */,
			);
			name = Products;
			sourceTree = "<group>";
		};
		2EAE0C2A2801DE83005EFF3F /* project-33-sbl */ = {
			isa = PBXGroup;
			children = (
				2EAE0C472801FAD3005EFF3F /* project-33-sbl.entitlements */,
				2EAE0C2B2801DE83005EFF3F /* AppDelegate.swift */,
				2EAE0C2D2801DE83005EFF3F /* SceneDelegate.swift */,
				2EAE0C2F2801DE83005EFF3F /* ViewController.swift */,
				2EAE0C4F2804776D005EFF3F /* MyGenresViewController.swift */,
				2EAE0C4D280468E6005EFF3F /* ResultsViewController.swift */,
				2EAE0C3F2801E139005EFF3F /* RecordWhistleViewController.swift */,
				2EAE0C412801F538005EFF3F /* SelectGenreViewController.swift */,
				2EAE0C432801F6E7005EFF3F /* AddCommentsViewController.swift */,
				2EAE0C452801F833005EFF3F /* SubmitViewController.swift */,
				2EAE0C4B28033252005EFF3F /* Whistle.swift */,
				2EAE0C342801DE84005EFF3F /* Assets.xcassets */,
				2EAE0C362801DE84005EFF3F /* LaunchScreen.storyboard */,
				2EAE0C392801DE84005EFF3F /* Info.plist */,
			);
			path = "project-33-sbl";
			sourceTree = "<group>";
		};
		2EAE0C482801FAE3005EFF3F /* Frameworks */ = {
			isa = PBXGroup;
			children = (
				2EAE0C492801FAE3005EFF3F /* CloudKit.framework */,
			);
			name = Frameworks;
			sourceTree = "<group>";
		};
/* End PBXGroup section */

/* Begin PBXNativeTarget section */
		2EAE0C272801DE83005EFF3F /* project-33-sbl */ = {
			isa = PBXNativeTarget;
			buildConfigurationList = 2EAE0C3C2801DE84005EFF3F /* Build configuration list for PBXNativeTarget "project-33-sbl" */;
			buildPhases = (
				2EAE0C242801DE83005EFF3F /* Sources */,
				2EAE0C252801DE83005EFF3F /* Frameworks */,
				2EAE0C262801DE83005EFF3F /* Resources */,
			);
			buildRules = (
			);
			dependencies = (
			);
			name = "project-33-sbl";
			productName = "project-33-sbl";
			productReference = 2EAE0C282801DE83005EFF3F /* project-33-sbl.app */;
			productType = "com.apple.product-type.application";
		};
/* End PBXNativeTarget section */

/* Begin PBXProject section */
		2EAE0C202801DE83005EFF3F /* Project object */ = {
			isa = PBXProject;
			attributes = {
				BuildIndependentTargetsInParallel = 1;
				LastSwiftUpdateCheck = 1330;
				LastUpgradeCheck = 1330;
				TargetAttributes = {
					2EAE0C272801DE83005EFF3F = {
						CreatedOnToolsVersion = 13.3;
					};
				};
			};
			buildConfigurationList = 2EAE0C232801DE83005EFF3F /* Build configuration list for PBXProject "project-33-sbl" */;
			compatibilityVersion = "Xcode 13.0";
			developmentRegion = en;
			hasScannedForEncodings = 0;
			knownRegions = (
				en,
				Base,
			);
			mainGroup = 2EAE0C1F2801DE83005EFF3F;
			productRefGroup = 2EAE0C292801DE83005EFF3F /* Products */;
			projectDirPath = "";
			projectRoot = "";
			targets = (
				2EAE0C272801DE83005EFF3F /* project-33-sbl */,
			);
		};
/* End PBXProject section */

/* Begin PBXResourcesBuildPhase section */
		2EAE0C262801DE83005EFF3F /* Resources */ = {
			isa = PBXResourcesBuildPhase;
			buildActionMask = 2147483647;
			files = (
				2EAE0C382801DE84005EFF3F /* LaunchScreen.storyboard in Resources */,
				2EAE0C352801DE84005EFF3F /* Assets.xcassets in Resources */,
			);
			runOnlyForDeploymentPostprocessing = 0;
		};
/* End PBXResourcesBuildPhase section */

/* Begin PBXSourcesBuildPhase section */
		2EAE0C242801DE83005EFF3F /* Sources */ = {
			isa = PBXSourcesBuildPhase;
			buildActionMask = 2147483647;
			files = (
				2EAE0C4C28033252005EFF3F /* Whistle.swift in Sources */,
				2EAE0C462801F833005EFF3F /* SubmitViewController.swift in Sources */,
				2EAE0C302801DE83005EFF3F /* ViewController.swift in Sources */,
				2EAE0C2C2801DE83005EFF3F /* AppDelegate.swift in Sources */,
				2EAE0C422801F538005EFF3F /* SelectGenreViewController.swift in Sources */,
				2EAE0C4E280468E6005EFF3F /* ResultsViewController.swift in Sources */,
				2EAE0C402801E139005EFF3F /* RecordWhistleViewController.swift in Sources */,
				2EAE0C442801F6E7005EFF3F /* AddCommentsViewController.swift in Sources */,
				2EAE0C502804776D005EFF3F /* MyGenresViewController.swift in Sources */,
				2EAE0C2E2801DE83005EFF3F /* SceneDelegate.swift in Sources */,
			);
			runOnlyForDeploymentPostprocessing = 0;
		};
/* End PBXSourcesBuildPhase section */

/* Begin PBXVariantGroup section */
		2EAE0C362801DE84005EFF3F /* LaunchScreen.storyboard */ = {
			isa = PBXVariantGroup;
			children = (
				2EAE0C372801DE84005EFF3F /* Base */,
			);
			name = LaunchScreen.storyboard;
			sourceTree = "<group>";
		};
/* End PBXVariantGroup section */

/* Begin XCBuildConfiguration section */
		2EAE0C3A2801DE84005EFF3F /* Debug */ = {
			isa = XCBuildConfiguration;
			buildSettings = {
				ALWAYS_SEARCH_USER_PATHS = NO;
				CLANG_ANALYZER_NONNULL = YES;
				CLANG_ANALYZER_NUMBER_OBJECT_CONVERSION = YES_AGGRESSIVE;
				CLANG_CXX_LANGUAGE_STANDARD = "gnu++17";
				CLANG_ENABLE_MODULES = YES;
				CLANG_ENABLE_OBJC_ARC = YES;
				CLANG_ENABLE_OBJC_WEAK = YES;
				CLANG_WARN_BLOCK_CAPTURE_AUTORELEASING = YES;
				CLANG_WARN_BOOL_CONVERSION = YES;
				CLANG_WARN_COMMA = YES;
				CLANG_WARN_CONSTANT_CONVERSION = YES;
				CLANG_WARN_DEPRECATED_OBJC_IMPLEMENTATIONS = YES;
				CLANG_WARN_DIRECT_OBJC_ISA_USAGE = YES_ERROR;
				CLANG_WARN_DOCUMENTATION_COMMENTS = YES;
				CLANG_WARN_EMPTY_BODY = YES;
				CLANG_WARN_ENUM_CONVERSION = YES;
				CLANG_WARN_INFINITE_RECURSION = YES;
				CLANG_WARN_INT_CONVERSION = YES;
				CLANG_WARN_NON_LITERAL_NULL_CONVERSION = YES;
				CLANG_WARN_OBJC_IMPLICIT_RETAIN_SELF = YES;
				CLANG_WARN_OBJC_LITERAL_CONVERSION = YES;
				CLANG_WARN_OBJC_ROOT_CLASS = YES_ERROR;
				CLANG_WARN_QUOTED_INCLUDE_IN_FRAMEWORK_HEADER = YES;
				CLANG_WARN_RANGE_LOOP_ANALYSIS = YES;
				CLANG_WARN_STRICT_PROTOTYPES = YES;
				CLANG_WARN_SUSPICIOUS_MOVE = YES;
				CLANG_WARN_UNGUARDED_AVAILABILITY = YES_AGGRESSIVE;
				CLANG_WARN_UNREACHABLE_CODE = YES;
				CLANG_WARN__DUPLICATE_METHOD_MATCH = YES;
				COPY_PHASE_STRIP = NO;
				DEBUG_INFORMATION_FORMAT = dwarf;
				ENABLE_STRICT_OBJC_MSGSEND = YES;
				ENABLE_TESTABILITY = YES;
				GCC_C_LANGUAGE_STANDARD = gnu11;
				GCC_DYNAMIC_NO_PIC = NO;
				GCC_NO_COMMON_BLOCKS = YES;
				GCC_OPTIMIZATION_LEVEL = 0;
				GCC_PREPROCESSOR_DEFINITIONS = (
					"DEBUG=1",
					"$(inherited)",
				);
				GCC_WARN_64_TO_32_BIT_CONVERSION = YES;
				GCC_WARN_ABOUT_RETURN_TYPE = YES_ERROR;
				GCC_WARN_UNDECLARED_SELECTOR = YES;
				GCC_WARN_UNINITIALIZED_AUTOS = YES_AGGRESSIVE;
				GCC_WARN_UNUSED_FUNCTION = YES;
				GCC_WARN_UNUSED_VARIABLE = YES;
				IPHONEOS_DEPLOYMENT_TARGET = 15.4;
				MTL_ENABLE_DEBUG_INFO = INCLUDE_SOURCE;
				MTL_FAST_MATH = YES;
				ONLY_ACTIVE_ARCH = YES;
				SDKROOT = iphoneos;
				SWIFT_ACTIVE_COMPILATION_CONDITIONS = DEBUG;
				SWIFT_OPTIMIZATION_LEVEL = "-Onone";
			};
			name = Debug;
		};
		2EAE0C3B2801DE84005EFF3F /* Release */ = {
			isa = XCBuildConfiguration;
			buildSettings = {
				ALWAYS_SEARCH_USER_PATHS = NO;
				CLANG_ANALYZER_NONNULL = YES;
				CLANG_ANALYZER_NUMBER_OBJECT_CONVERSION = YES_AGGRESSIVE;
				CLANG_CXX_LANGUAGE_STANDARD = "gnu++17";
				CLANG_ENABLE_MODULES = YES;
				CLANG_ENABLE_OBJC_ARC = YES;
				CLANG_ENABLE_OBJC_WEAK = YES;
				CLANG_WARN_BLOCK_CAPTURE_AUTORELEASING = YES;
				CLANG_WARN_BOOL_CONVERSION = YES;
				CLANG_WARN_COMMA = YES;
				CLANG_WARN_CONSTANT_CONVERSION = YES;
				CLANG_WARN_DEPRECATED_OBJC_IMPLEMENTATIONS = YES;
				CLANG_WARN_DIRECT_OBJC_ISA_USAGE = YES_ERROR;
				CLANG_WARN_DOCUMENTATION_COMMENTS = YES;
				CLANG_WARN_EMPTY_BODY = YES;
				CLANG_WARN_ENUM_CONVERSION = YES;
				CLANG_WARN_INFINITE_RECURSION = YES;
				CLANG_WARN_INT_CONVERSION = YES;
				CLANG_WARN_NON_LITERAL_NULL_CONVERSION = YES;
				CLANG_WARN_OBJC_IMPLICIT_RETAIN_SELF = YES;
				CLANG_WARN_OBJC_LITERAL_CONVERSION = YES;
				CLANG_WARN_OBJC_ROOT_CLASS = YES_ERROR;
				CLANG_WARN_QUOTED_INCLUDE_IN_FRAMEWORK_HEADER = YES;
				CLANG_WARN_RANGE_LOOP_ANALYSIS = YES;
				CLANG_WARN_STRICT_PROTOTYPES = YES;
				CLANG_WARN_SUSPICIOUS_MOVE = YES;
				CLANG_WARN_UNGUARDED_AVAILABILITY = YES_AGGRESSIVE;
				CLANG_WARN_UNREACHABLE_CODE = YES;
				CLANG_WARN__DUPLICATE_METHOD_MATCH = YES;
				COPY_PHASE_STRIP = NO;
				DEBUG_INFORMATION_FORMAT = "dwarf-with-dsym";
				ENABLE_NS_ASSERTIONS = NO;
				ENABLE_STRICT_OBJC_MSGSEND = YES;
				GCC_C_LANGUAGE_STANDARD = gnu11;
				GCC_NO_COMMON_BLOCKS = YES;
				GCC_WARN_64_TO_32_BIT_CONVERSION = YES;
				GCC_WARN_ABOUT_RETURN_TYPE = YES_ERROR;
				GCC_WARN_UNDECLARED_SELECTOR = YES;
				GCC_WARN_UNINITIALIZED_AUTOS = YES_AGGRESSIVE;
				GCC_WARN_UNUSED_FUNCTION = YES;
				GCC_WARN_UNUSED_VARIABLE = YES;
				IPHONEOS_DEPLOYMENT_TARGET = 15.4;
				MTL_ENABLE_DEBUG_INFO = NO;
				MTL_FAST_MATH = YES;
				SDKROOT = iphoneos;
				SWIFT_COMPILATION_MODE = wholemodule;
				SWIFT_OPTIMIZATION_LEVEL = "-O";
				VALIDATE_PRODUCT = YES;
			};
			name = Release;
		};
		2EAE0C3D2801DE84005EFF3F /* Debug */ = {
			isa = XCBuildConfiguration;
			buildSettings = {
				ASSETCATALOG_COMPILER_APPICON_NAME = AppIcon;
				ASSETCATALOG_COMPILER_GLOBAL_ACCENT_COLOR_NAME = AccentColor;
				CODE_SIGN_ENTITLEMENTS = "project-33-sbl/project-33-sbl.entitlements";
				CODE_SIGN_STYLE = Automatic;
				CURRENT_PROJECT_VERSION = 1;
				DEVELOPMENT_TEAM = 8V9CKX4NBY;
				GENERATE_INFOPLIST_FILE = YES;
				INFOPLIST_FILE = "project-33-sbl/Info.plist";
				INFOPLIST_KEY_NSMicrophoneUsageDescription = "We are recording you";
				INFOPLIST_KEY_UIApplicationSupportsIndirectInputEvents = YES;
				INFOPLIST_KEY_UILaunchStoryboardName = LaunchScreen;
				INFOPLIST_KEY_UISupportedInterfaceOrientations_iPad = "UIInterfaceOrientationPortrait UIInterfaceOrientationPortraitUpsideDown UIInterfaceOrientationLandscapeLeft UIInterfaceOrientationLandscapeRight";
				INFOPLIST_KEY_UISupportedInterfaceOrientations_iPhone = "UIInterfaceOrientationPortrait UIInterfaceOrientationLandscapeLeft UIInterfaceOrientationLandscapeRight";
				LD_RUNPATH_SEARCH_PATHS = (
					"$(inherited)",
					"@executable_path/Frameworks",
				);
				MARKETING_VERSION = 1.0;
				PRODUCT_BUNDLE_IDENTIFIER = "diogopmelo.project-33-sbl";
				PRODUCT_NAME = "$(TARGET_NAME)";
				SWIFT_EMIT_LOC_STRINGS = YES;
				SWIFT_VERSION = 5.0;
				TARGETED_DEVICE_FAMILY = "1,2";
			};
			name = Debug;
		};
		2EAE0C3E2801DE84005EFF3F /* Release */ = {
			isa = XCBuildConfiguration;
			buildSettings = {
				ASSETCATALOG_COMPILER_APPICON_NAME = AppIcon;
				ASSETCATALOG_COMPILER_GLOBAL_ACCENT_COLOR_NAME = AccentColor;
				CODE_SIGN_ENTITLEMENTS = "project-33-sbl/project-33-sbl.entitlements";
				CODE_SIGN_STYLE = Automatic;
				CURRENT_PROJECT_VERSION = 1;
				DEVELOPMENT_TEAM = 8V9CKX4NBY;
				GENERATE_INFOPLIST_FILE = YES;
				INFOPLIST_FILE = "project-33-sbl/Info.plist";
				INFOPLIST_KEY_NSMicrophoneUsageDescription = "We are recording you";
				INFOPLIST_KEY_UIApplicationSupportsIndirectInputEvents = YES;
				INFOPLIST_KEY_UILaunchStoryboardName = LaunchScreen;
				INFOPLIST_KEY_UISupportedInterfaceOrientations_iPad = "UIInterfaceOrientationPortrait UIInterfaceOrientationPortraitUpsideDown UIInterfaceOrientationLandscapeLeft UIInterfaceOrientationLandscapeRight";
				INFOPLIST_KEY_UISupportedInterfaceOrientations_iPhone = "UIInterfaceOrientationPortrait UIInterfaceOrientationLandscapeLeft UIInterfaceOrientationLandscapeRight";
				LD_RUNPATH_SEARCH_PATHS = (
					"$(inherited)",
					"@executable_path/Frameworks",
				);
				MARKETING_VERSION = 1.0;
				PRODUCT_BUNDLE_IDENTIFIER = "diogopmelo.project-33-sbl";
				PRODUCT_NAME = "$(TARGET_NAME)";
				SWIFT_EMIT_LOC_STRINGS = YES;
				SWIFT_VERSION = 5.0;
				TARGETED_DEVICE_FAMILY = "1,2";
			};
			name = Release;
		};
/* End XCBuildConfiguration section */

/* Begin XCConfigurationList section */
		2EAE0C232801DE83005EFF3F /* Build configuration list for PBXProject "project-33-sbl" */ = {
			isa = XCConfigurationList;
			buildConfigurations = (
				2EAE0C3A2801DE84005EFF3F /* Debug */,
				2EAE0C3B2801DE84005EFF3F /* Release */,
			);
			defaultConfigurationIsVisible = 0;
			defaultConfigurationName = Release;
		};
		2EAE0C3C2801DE84005EFF3F /* Build configuration list for PBXNativeTarget "project-33-sbl" */ = {
			isa = XCConfigurationList;
			buildConfigurations = (
				2EAE0C3D2801DE84005EFF3F /* Debug */,
				2EAE0C3E2801DE84005EFF3F /* Release */,
			);
			defaultConfigurationIsVisible = 0;
			defaultConfigurationName = Release;
		};
/* End XCConfigurationList section */
	};
	rootObject = 2EAE0C202801DE83005EFF3F /* Project object */;
}
